
Microsoft Visual Studio Solution File, Format Version 12.00
# Visual Studio 2012
Project("{FAE04EC0-301F-11D3-BF4B-00C04F79EFBC}") = "SignalRProject", "SignalRProject\SignalRProject.csproj", "{76D8AE28-59C5-4DA8-95C6-DD7B7C427C3D}"
EndProject
Project("{FAE04EC0-301F-11D3-BF4B-00C04F79EFBC}") = "SignalRChat", "SignalRChat\SignalRChat.csproj", "{AEA137EB-D113-4FF4-94A9-4818EF75ECCE}"
EndProject
Project("{2150E333-8FDC-42A3-9474-1A3956D46DE8}") = "Przyklad1", "Przyklad1", "{41EDD79B-16F5-4D2B-9CB3-FBE35713C61D}"
EndProject
Project("{2150E333-8FDC-42A3-9474-1A3956D46DE8}") = "Przyklad2", "Przyklad2", "{8F14F7FF-F7A2-43FD-8169-E1FF1C694F7D}"
EndProject
Project("{2150E333-8FDC-42A3-9474-1A3956D46DE8}") = "Przyklad3", "Przyklad3", "{E3D149B2-9F89-4E56-B239-6416F9B273B3}"
EndProject
Project("{2150E333-8FDC-42A3-9474-1A3956D46DE8}") = "Przyklad4", "Przyklad4", "{35BDBBB0-777F-43B4-BAB8-652012A8FD4E}"
EndProject
Project("{2150E333-8FDC-42A3-9474-1A3956D46DE8}") = "Instalacja", "Instalacja", "{456462C5-11B1-4A79-A20C-4AD261CD34C2}"
EndProject
Project("{FAE04EC0-301F-11D3-BF4B-00C04F79EFBC}") = "MoveShapeDemo", "MoveShapeDemo\MoveShapeDemo.csproj", "{C0059349-5CA2-45B9-8502-939F48883CB9}"
EndProject
Project("{FAE04EC0-301F-11D3-BF4B-00C04F79EFBC}") = "SignalR.StockTicker", "SignalR.StockTicker\SignalR.StockTicker.csproj", "{F0351CF4-1A9D-4FE1-8B52-7015725AB46D}"
EndProject
Project("{FAE04EC0-301F-11D3-BF4B-00C04F79EFBC}") = "SignalRDatabase", "SignalRDatabase\SignalRDatabase.csproj", "{B0C51DEC-7A09-485F-929F-9795E539219E}"
EndProject
Project("{FAE04EC0-301F-11D3-BF4B-00C04F79EFBC}") = "SignalRConsole", "SignalRConsole\SignalRConsole.csproj", "{CDDFB9DB-B56D-4916-A8E4-B877E6C18237}"
EndProject
Global
	GlobalSection(SolutionConfigurationPlatforms) = preSolution
		Debug|Any CPU = Debug|Any CPU
		Release|Any CPU = Release|Any CPU
	EndGlobalSection
	GlobalSection(ProjectConfigurationPlatforms) = postSolution
		{76D8AE28-59C5-4DA8-95C6-DD7B7C427C3D}.Debug|Any CPU.ActiveCfg = Debug|Any CPU
		{76D8AE28-59C5-4DA8-95C6-DD7B7C427C3D}.Debug|Any CPU.Build.0 = Debug|Any CPU
		{76D8AE28-59C5-4DA8-95C6-DD7B7C427C3D}.Release|Any CPU.ActiveCfg = Release|Any CPU
		{76D8AE28-59C5-4DA8-95C6-DD7B7C427C3D}.Release|Any CPU.Build.0 = Release|Any CPU
		{AEA137EB-D113-4FF4-94A9-4818EF75ECCE}.Debug|Any CPU.ActiveCfg = Debug|Any CPU
		{AEA137EB-D113-4FF4-94A9-4818EF75ECCE}.Debug|Any CPU.Build.0 = Debug|Any CPU
		{AEA137EB-D113-4FF4-94A9-4818EF75ECCE}.Release|Any CPU.ActiveCfg = Release|Any CPU
		{AEA137EB-D113-4FF4-94A9-4818EF75ECCE}.Release|Any CPU.Build.0 = Release|Any CPU
		{C0059349-5CA2-45B9-8502-939F48883CB9}.Debug|Any CPU.ActiveCfg = Debug|Any CPU
		{C0059349-5CA2-45B9-8502-939F48883CB9}.Debug|Any CPU.Build.0 = Debug|Any CPU
		{C0059349-5CA2-45B9-8502-939F48883CB9}.Release|Any CPU.ActiveCfg = Release|Any CPU
		{C0059349-5CA2-45B9-8502-939F48883CB9}.Release|Any CPU.Build.0 = Release|Any CPU
		{F0351CF4-1A9D-4FE1-8B52-7015725AB46D}.Debug|Any CPU.ActiveCfg = Debug|Any CPU
		{F0351CF4-1A9D-4FE1-8B52-7015725AB46D}.Debug|Any CPU.Build.0 = Debug|Any CPU
		{F0351CF4-1A9D-4FE1-8B52-7015725AB46D}.Release|Any CPU.ActiveCfg = Release|Any CPU
		{F0351CF4-1A9D-4FE1-8B52-7015725AB46D}.Release|Any CPU.Build.0 = Release|Any CPU
		{B0C51DEC-7A09-485F-929F-9795E539219E}.Debug|Any CPU.ActiveCfg = Debug|Any CPU
		{B0C51DEC-7A09-485F-929F-9795E539219E}.Debug|Any CPU.Build.0 = Debug|Any CPU
		{B0C51DEC-7A09-485F-929F-9795E539219E}.Release|Any CPU.ActiveCfg = Release|Any CPU
		{B0C51DEC-7A09-485F-929F-9795E539219E}.Release|Any CPU.Build.0 = Release|Any CPU
		{CDDFB9DB-B56D-4916-A8E4-B877E6C18237}.Debug|Any CPU.ActiveCfg = Debug|Any CPU
		{CDDFB9DB-B56D-4916-A8E4-B877E6C18237}.Debug|Any CPU.Build.0 = Debug|Any CPU
		{CDDFB9DB-B56D-4916-A8E4-B877E6C18237}.Release|Any CPU.ActiveCfg = Release|Any CPU
		{CDDFB9DB-B56D-4916-A8E4-B877E6C18237}.Release|Any CPU.Build.0 = Release|Any CPU
	EndGlobalSection
	GlobalSection(SolutionProperties) = preSolution
		HideSolutionNode = FALSE
	EndGlobalSection
	GlobalSection(NestedProjects) = preSolution
		{76D8AE28-59C5-4DA8-95C6-DD7B7C427C3D} = {456462C5-11B1-4A79-A20C-4AD261CD34C2}
		{AEA137EB-D113-4FF4-94A9-4818EF75ECCE} = {41EDD79B-16F5-4D2B-9CB3-FBE35713C61D}
		{CDDFB9DB-B56D-4916-A8E4-B877E6C18237} = {41EDD79B-16F5-4D2B-9CB3-FBE35713C61D}
		{C0059349-5CA2-45B9-8502-939F48883CB9} = {8F14F7FF-F7A2-43FD-8169-E1FF1C694F7D}
		{F0351CF4-1A9D-4FE1-8B52-7015725AB46D} = {E3D149B2-9F89-4E56-B239-6416F9B273B3}
		{B0C51DEC-7A09-485F-929F-9795E539219E} = {35BDBBB0-777F-43B4-BAB8-652012A8FD4E}
	EndGlobalSection
EndGlobal
